{
  "nodes": {
    "nixpkgs": {
      "locked": {
        "lastModified": 1649676960,
        "narHash": "sha256-gRqfhOrXnNBuDfJqD0MBLBXgr5odoCJNbGd1ifG3WFM=",
        "owner": "nixos",
        "repo": "nixpkgs",
        "rev": "0cfba90938ccd0578b4dda892926be76299395d5",
        "type": "github"
      },
      "original": {
        "id": "nixpkgs",
        "type": "indirect"
      }
    },
    "root": {
      "inputs": {
        "nixpkgs": "nixpkgs"
      }
    }
  },
  "root": "root",
  "version": 7
}
